
Microsoft Visual Studio Solution File, Format Version 12.00
# Visual Studio Version 17
VisualStudioVersion = 17.1.32210.238
MinimumVisualStudioVersion = 10.0.40219.1
Project("{9A19103F-16F7-4668-BE54-9A1E7A4F7556}") = "CliqueWebService", "CliqueWebService\CliqueWebService.csproj", "{5E2616AF-9AF0-42D3-9D06-05266BACBD26}"
EndProject
Project("{FAE04EC0-301F-11D3-BF4B-00C04F79EFBC}") = "DataAccess", "DataAccess\DataAccess.csproj", "{8C7D4678-5FD8-4DDB-B911-1EA22D87B2E4}"
EndProject
Global
	GlobalSection(SolutionConfigurationPlatforms) = preSolution
		Debug|Any CPU = Debug|Any CPU
		Release|Any CPU = Release|Any CPU
	EndGlobalSection
	GlobalSection(ProjectConfigurationPlatforms) = postSolution
		{5E2616AF-9AF0-42D3-9D06-05266BACBD26}.Debug|Any CPU.ActiveCfg = Debug|Any CPU
		{5E2616AF-9AF0-42D3-9D06-05266BACBD26}.Debug|Any CPU.Build.0 = Debug|Any CPU
		{5E2616AF-9AF0-42D3-9D06-05266BACBD26}.Release|Any CPU.ActiveCfg = Release|Any CPU
		{5E2616AF-9AF0-42D3-9D06-05266BACBD26}.Release|Any CPU.Build.0 = Release|Any CPU
		{8C7D4678-5FD8-4DDB-B911-1EA22D87B2E4}.Debug|Any CPU.ActiveCfg = Debug|Any CPU
		{8C7D4678-5FD8-4DDB-B911-1EA22D87B2E4}.Debug|Any CPU.Build.0 = Debug|Any CPU
		{8C7D4678-5FD8-4DDB-B911-1EA22D87B2E4}.Release|Any CPU.ActiveCfg = Release|Any CPU
		{8C7D4678-5FD8-4DDB-B911-1EA22D87B2E4}.Release|Any CPU.Build.0 = Release|Any CPU
	EndGlobalSection
	GlobalSection(SolutionProperties) = preSolution
		HideSolutionNode = FALSE
	EndGlobalSection
	GlobalSection(ExtensibilityGlobals) = postSolution
		SolutionGuid = {9FCE9B9D-FC98-4288-9EDE-1F635B5A97B4}
	EndGlobalSection
EndGlobal
