// !$*UTF8*$!
{
	archiveVersion = 1;
	classes = {
	};
	objectVersion = 56;
	objects = {

/* Begin PBXBuildFile section */
		4207BBDF2948B50C00169EB9 /* GooglePlaces in Frameworks */ = {isa = PBXBuildFile; productRef = 4207BBDE2948B50C00169EB9 /* GooglePlaces */; };
		420C23AE2938D670007D612C /* AppDelegate.swift in Sources */ = {isa = PBXBuildFile; fileRef = 420CDA97290E54380074ACFA /* AppDelegate.swift */; };
		420C5D90292C586C001E650D /* NVActivityIndicatorView in Frameworks */ = {isa = PBXBuildFile; productRef = 420C5D8F292C586C001E650D /* NVActivityIndicatorView */; };
		420C5D92292C586C001E650D /* NVActivityIndicatorViewExtended in Frameworks */ = {isa = PBXBuildFile; productRef = 420C5D91292C586C001E650D /* NVActivityIndicatorViewExtended */; };
		420CDAA1290E543A0074ACFA /* Assets.xcassets in Resources */ = {isa = PBXBuildFile; fileRef = 420CDAA0290E543A0074ACFA /* Assets.xcassets */; };
		420CDAA4290E543A0074ACFA /* LaunchScreen.storyboard in Resources */ = {isa = PBXBuildFile; fileRef = 420CDAA2290E543A0074ACFA /* LaunchScreen.storyboard */; };
		420EB35D2942A3D1008263B7 /* TabBar.storyboard in Resources */ = {isa = PBXBuildFile; fileRef = 420EB35C2942A3D1008263B7 /* TabBar.storyboard */; };
		420EB35F2942A3E5008263B7 /* TabBarViewController.swift in Sources */ = {isa = PBXBuildFile; fileRef = 420EB35E2942A3E5008263B7 /* TabBarViewController.swift */; };
		4213719129262F1B0082F1C7 /* Login.storyboard in Resources */ = {isa = PBXBuildFile; fileRef = 4213719029262F1B0082F1C7 /* Login.storyboard */; };
		421487182933FC170053B344 /* BasicInfoViewController.swift in Sources */ = {isa = PBXBuildFile; fileRef = 421487172933FC170053B344 /* BasicInfoViewController.swift */; };
		4214871A2933FC360053B344 /* BasicInfo.storyboard in Resources */ = {isa = PBXBuildFile; fileRef = 421487192933FC360053B344 /* BasicInfo.storyboard */; };
		4214871E293427BC0053B344 /* CreateEventService.swift in Sources */ = {isa = PBXBuildFile; fileRef = 4214871D293427BC0053B344 /* CreateEventService.swift */; };
		4214872029342C7A0053B344 /* Category.swift in Sources */ = {isa = PBXBuildFile; fileRef = 4214871F29342C7A0053B344 /* Category.swift */; };
		421487222934413D0053B344 /* Currency.swift in Sources */ = {isa = PBXBuildFile; fileRef = 421487212934413D0053B344 /* Currency.swift */; };
		4229A3A62947D3710083494E /* UIView+Extension.swift in Sources */ = {isa = PBXBuildFile; fileRef = 4229A3A52947D3710083494E /* UIView+Extension.swift */; };
		422A63952935A56400ABB4C4 /* ShortDescriptionViewController.swift in Sources */ = {isa = PBXBuildFile; fileRef = 422A63942935A56400ABB4C4 /* ShortDescriptionViewController.swift */; };
		422A9158294032730079554F /* LocationViewController.swift in Sources */ = {isa = PBXBuildFile; fileRef = 422A9157294032730079554F /* LocationViewController.swift */; };
		422A915A294032970079554F /* CreateEventOverviewViewController.swift in Sources */ = {isa = PBXBuildFile; fileRef = 422A9159294032970079554F /* CreateEventOverviewViewController.swift */; };
		422A91602940AA2F0079554F /* DateTime.storyboard in Resources */ = {isa = PBXBuildFile; fileRef = 422A915F2940AA2F0079554F /* DateTime.storyboard */; };
		423375E3294008E0009FA6C1 /* DateTimeViewController.swift in Sources */ = {isa = PBXBuildFile; fileRef = 423375E2294008E0009FA6C1 /* DateTimeViewController.swift */; };
		4237AC85292C20C700095D47 /* LoginCredentials.swift in Sources */ = {isa = PBXBuildFile; fileRef = 4237AC84292C20C700095D47 /* LoginCredentials.swift */; };
		4237AC87292C215F00095D47 /* LoginResponse.swift in Sources */ = {isa = PBXBuildFile; fileRef = 4237AC86292C215F00095D47 /* LoginResponse.swift */; };
		42464B01292F7ADA009FDE1D /* SceneDelegate.swift in Sources */ = {isa = PBXBuildFile; fileRef = 420CDA99290E54380074ACFA /* SceneDelegate.swift */; };
		42496D0C29301C9A00D972C9 /* KeychainAccess in Frameworks */ = {isa = PBXBuildFile; productRef = 42496D0B29301C9A00D972C9 /* KeychainAccess */; };
		42496D10293033AA00D972C9 /* IQKeyboardManagerSwift in Frameworks */ = {isa = PBXBuildFile; productRef = 42496D0F293033AA00D972C9 /* IQKeyboardManagerSwift */; };
		4253AE872933AAC80054DC2B /* Profile.storyboard in Resources */ = {isa = PBXBuildFile; fileRef = 4253AE862933AAC80054DC2B /* Profile.storyboard */; };
		4253AE892933AD2B0054DC2B /* ProfileViewController.swift in Sources */ = {isa = PBXBuildFile; fileRef = 4253AE882933AD2B0054DC2B /* ProfileViewController.swift */; };
		4253AE8C2933BF2A0054DC2B /* Settings.storyboard in Resources */ = {isa = PBXBuildFile; fileRef = 4253AE8B2933BF2A0054DC2B /* Settings.storyboard */; };
		4253AE8E2933BF6D0054DC2B /* SettingsViewController.swift in Sources */ = {isa = PBXBuildFile; fileRef = 4253AE8D2933BF6D0054DC2B /* SettingsViewController.swift */; };
		42541810293785D500782493 /* Hero in Frameworks */ = {isa = PBXBuildFile; productRef = 4254180F293785D500782493 /* Hero */; };
		4254AD3F29297E2A004D649D /* Constants.swift in Sources */ = {isa = PBXBuildFile; fileRef = 4254AD3E29297E2A004D649D /* Constants.swift */; };
		425992F929383C2800DEFA34 /* SecurityViewController.swift in Sources */ = {isa = PBXBuildFile; fileRef = 425992F829383C2800DEFA34 /* SecurityViewController.swift */; };
		425992FB29383C3400DEFA34 /* Security.storyboard in Resources */ = {isa = PBXBuildFile; fileRef = 425992FA29383C3400DEFA34 /* Security.storyboard */; };
		425B8D12293585F500907BD9 /* ProfileService.swift in Sources */ = {isa = PBXBuildFile; fileRef = 425B8D11293585F500907BD9 /* ProfileService.swift */; };
		425B8D1829359BA100907BD9 /* ProfileEdit.storyboard in Resources */ = {isa = PBXBuildFile; fileRef = 425B8D1729359BA100907BD9 /* ProfileEdit.storyboard */; };
		425B8D1A29359BB900907BD9 /* ProfileEditViewController.swift in Sources */ = {isa = PBXBuildFile; fileRef = 425B8D1929359BB900907BD9 /* ProfileEditViewController.swift */; };
		425FAC182938131200486755 /* CreateEventEntries.swift in Sources */ = {isa = PBXBuildFile; fileRef = 425FAC172938131200486755 /* CreateEventEntries.swift */; };
		426CB814294A2C0C0011FC42 /* User.swift in Sources */ = {isa = PBXBuildFile; fileRef = 426CB813294A2C0C0011FC42 /* User.swift */; };
		426CB816294A2DBE0011FC42 /* UserCreatorEvent.swift in Sources */ = {isa = PBXBuildFile; fileRef = 426CB815294A2DBE0011FC42 /* UserCreatorEvent.swift */; };
		4272BF1429340FAB00797045 /* JoinedEventsViewController.swift in Sources */ = {isa = PBXBuildFile; fileRef = 4272BF1329340FAB00797045 /* JoinedEventsViewController.swift */; };
		4272BF1629340FB700797045 /* JoinedEvents.storyboard in Resources */ = {isa = PBXBuildFile; fileRef = 4272BF1529340FB700797045 /* JoinedEvents.storyboard */; };
		4272BF1B2934136C00797045 /* PastCreatedEventsViewController.swift in Sources */ = {isa = PBXBuildFile; fileRef = 4272BF1A2934136C00797045 /* PastCreatedEventsViewController.swift */; };
		4272BF1D2934137900797045 /* PastCreatedEvents.storyboard in Resources */ = {isa = PBXBuildFile; fileRef = 4272BF1C2934137900797045 /* PastCreatedEvents.storyboard */; };
		4272BF1F2934138B00797045 /* CreatedEvents.storyboard in Resources */ = {isa = PBXBuildFile; fileRef = 4272BF1E2934138B00797045 /* CreatedEvents.storyboard */; };
		4272BF212934139700797045 /* CreatedEventsViewController.swift in Sources */ = {isa = PBXBuildFile; fileRef = 4272BF202934139700797045 /* CreatedEventsViewController.swift */; };
		4272BF25293413AE00797045 /* PastJoinedEvents.storyboard in Resources */ = {isa = PBXBuildFile; fileRef = 4272BF24293413AE00797045 /* PastJoinedEvents.storyboard */; };
		4272BF27293413D400797045 /* PastJoinedEventsViewController.swift in Sources */ = {isa = PBXBuildFile; fileRef = 4272BF26293413D400797045 /* PastJoinedEventsViewController.swift */; };
		42740C3F2926468900CD1DFC /* Register.storyboard in Resources */ = {isa = PBXBuildFile; fileRef = 42740C3E2926468900CD1DFC /* Register.storyboard */; };
		427F18772923F6D9009284DA /* EventList.storyboard in Resources */ = {isa = PBXBuildFile; fileRef = 427F18762923F6D9009284DA /* EventList.storyboard */; };
		427F18792923F6FB009284DA /* EventListViewController.swift in Sources */ = {isa = PBXBuildFile; fileRef = 427F18782923F6FB009284DA /* EventListViewController.swift */; };
		427F187C2923F793009284DA /* Event.swift in Sources */ = {isa = PBXBuildFile; fileRef = 427F187B2923F793009284DA /* Event.swift */; };
		427F187E2924083A009284DA /* EventListTableViewCell.xib in Resources */ = {isa = PBXBuildFile; fileRef = 427F187D2924083A009284DA /* EventListTableViewCell.xib */; };
		427F188029240924009284DA /* EventListTableViewCell.swift in Sources */ = {isa = PBXBuildFile; fileRef = 427F187F29240924009284DA /* EventListTableViewCell.swift */; };
		427F188329263D9A009284DA /* Alamofire in Frameworks */ = {isa = PBXBuildFile; productRef = 427F188229263D9A009284DA /* Alamofire */; };
		427F1886292643DA009284DA /* UIImageView+Extension.swift in Sources */ = {isa = PBXBuildFile; fileRef = 427F1885292643DA009284DA /* UIImageView+Extension.swift */; };
		427F188929264468009284DA /* AlamofireImage in Frameworks */ = {isa = PBXBuildFile; productRef = 427F188829264468009284DA /* AlamofireImage */; };
		427F18942927BCD2009284DA /* EventDetailViewController.swift in Sources */ = {isa = PBXBuildFile; fileRef = 427F18932927BCD2009284DA /* EventDetailViewController.swift */; };
		428ADAA529264FF100417940 /* LoginViewController.swift in Sources */ = {isa = PBXBuildFile; fileRef = 428ADAA429264FF100417940 /* LoginViewController.swift */; };
		428D0D5C2944E5250076DD11 /* UIViewController+Extension.swift in Sources */ = {isa = PBXBuildFile; fileRef = 428D0D5B2944E5250076DD11 /* UIViewController+Extension.swift */; };
		429861B729392CA4001CF447 /* PasswordData.swift in Sources */ = {isa = PBXBuildFile; fileRef = 429861B629392CA4001CF447 /* PasswordData.swift */; };
		429861B929392D45001CF447 /* SettingsService.swift in Sources */ = {isa = PBXBuildFile; fileRef = 429861B829392D45001CF447 /* SettingsService.swift */; };
		429861C3294379BA001CF447 /* UIViewController+Extension.swift in Sources */ = {isa = PBXBuildFile; fileRef = 429861C2294379BA001CF447 /* UIViewController+Extension.swift */; };
		429AC26A2926ADF60029498B /* RegisterViewController.swift in Sources */ = {isa = PBXBuildFile; fileRef = 429AC2692926ADF60029498B /* RegisterViewController.swift */; };
		429FCA292933F2F200269AC5 /* UIImageView+Extension.swift in Sources */ = {isa = PBXBuildFile; fileRef = 429FCA282933F2F200269AC5 /* UIImageView+Extension.swift */; };
		42BA9E982940B738008CAA90 /* CreateEventOverview.storyboard in Resources */ = {isa = PBXBuildFile; fileRef = 42BA9E972940B738008CAA90 /* CreateEventOverview.storyboard */; };
		42BA9E9A2940B777008CAA90 /* Location.storyboard in Resources */ = {isa = PBXBuildFile; fileRef = 42BA9E992940B777008CAA90 /* Location.storyboard */; };
		42BA9E9E2940B7A9008CAA90 /* ShortDescription.storyboard in Resources */ = {isa = PBXBuildFile; fileRef = 42BA9E9D2940B7A9008CAA90 /* ShortDescription.storyboard */; };
		42BA9EA02942A3EA008CAA90 /* CreateEventObject.swift in Sources */ = {isa = PBXBuildFile; fileRef = 42BA9E9F2942A3EA008CAA90 /* CreateEventObject.swift */; };
		42D904382938263200831199 /* SkeletonView in Frameworks */ = {isa = PBXBuildFile; productRef = 42D904372938263200831199 /* SkeletonView */; };
		42D99DE3292835C700516EF9 /* RegisterService.swift in Sources */ = {isa = PBXBuildFile; fileRef = 42D99DE2292835C700516EF9 /* RegisterService.swift */; };
		42D99DE62928362300516EF9 /* Alamofire in Frameworks */ = {isa = PBXBuildFile; productRef = 42D99DE52928362300516EF9 /* Alamofire */; };
		42DB272C292656ED0027A00C /* LoginServices.swift in Sources */ = {isa = PBXBuildFile; fileRef = 42DB272B292656ED0027A00C /* LoginServices.swift */; };
		42DB2734292672970027A00C /* UserStorage.swift in Sources */ = {isa = PBXBuildFile; fileRef = 42DB2733292672970027A00C /* UserStorage.swift */; };
		42DD304E292A9C8D0054B088 /* EventDetail.storyboard in Resources */ = {isa = PBXBuildFile; fileRef = 42DD304D292A9C8D0054B088 /* EventDetail.storyboard */; };
		42DD305429310FFB0054B088 /* EventServices.swift in Sources */ = {isa = PBXBuildFile; fileRef = 42DD305329310FFB0054B088 /* EventServices.swift */; };
		42EA63232932AADB007417D0 /* RegisterEntries.swift in Sources */ = {isa = PBXBuildFile; fileRef = 42EA63222932AADB007417D0 /* RegisterEntries.swift */; };
		42EA63292932BB6E007417D0 /* InitialViewController.swift in Sources */ = {isa = PBXBuildFile; fileRef = 42EA63282932BB6E007417D0 /* InitialViewController.swift */; };
		42EA632B2932BB7D007417D0 /* Initial.storyboard in Resources */ = {isa = PBXBuildFile; fileRef = 42EA632A2932BB7D007417D0 /* Initial.storyboard */; };
/* End PBXBuildFile section */

/* Begin PBXFileReference section */
		420CDA94290E54380074ACFA /* Clique.app */ = {isa = PBXFileReference; explicitFileType = wrapper.application; includeInIndex = 0; path = Clique.app; sourceTree = BUILT_PRODUCTS_DIR; };
		420CDA97290E54380074ACFA /* AppDelegate.swift */ = {isa = PBXFileReference; lastKnownFileType = sourcecode.swift; path = AppDelegate.swift; sourceTree = "<group>"; };
		420CDA99290E54380074ACFA /* SceneDelegate.swift */ = {isa = PBXFileReference; lastKnownFileType = sourcecode.swift; path = SceneDelegate.swift; sourceTree = "<group>"; };
		420CDAA0290E543A0074ACFA /* Assets.xcassets */ = {isa = PBXFileReference; lastKnownFileType = folder.assetcatalog; path = Assets.xcassets; sourceTree = "<group>"; };
		420CDAA3290E543A0074ACFA /* Base */ = {isa = PBXFileReference; lastKnownFileType = file.storyboard; name = Base; path = Base.lproj/LaunchScreen.storyboard; sourceTree = "<group>"; };
		420CDAA5290E543A0074ACFA /* Info.plist */ = {isa = PBXFileReference; lastKnownFileType = text.plist.xml; path = Info.plist; sourceTree = "<group>"; };
		420EB35C2942A3D1008263B7 /* TabBar.storyboard */ = {isa = PBXFileReference; lastKnownFileType = file.storyboard; path = TabBar.storyboard; sourceTree = "<group>"; };
		420EB35E2942A3E5008263B7 /* TabBarViewController.swift */ = {isa = PBXFileReference; lastKnownFileType = sourcecode.swift; path = TabBarViewController.swift; sourceTree = "<group>"; };
		4213719029262F1B0082F1C7 /* Login.storyboard */ = {isa = PBXFileReference; lastKnownFileType = file.storyboard; path = Login.storyboard; sourceTree = "<group>"; };
		421487172933FC170053B344 /* BasicInfoViewController.swift */ = {isa = PBXFileReference; lastKnownFileType = sourcecode.swift; path = BasicInfoViewController.swift; sourceTree = "<group>"; };
		421487192933FC360053B344 /* BasicInfo.storyboard */ = {isa = PBXFileReference; lastKnownFileType = file.storyboard; path = BasicInfo.storyboard; sourceTree = "<group>"; };
		4214871D293427BC0053B344 /* CreateEventService.swift */ = {isa = PBXFileReference; lastKnownFileType = sourcecode.swift; path = CreateEventService.swift; sourceTree = "<group>"; };
		4214871F29342C7A0053B344 /* Category.swift */ = {isa = PBXFileReference; lastKnownFileType = sourcecode.swift; path = Category.swift; sourceTree = "<group>"; };
		421487212934413D0053B344 /* Currency.swift */ = {isa = PBXFileReference; lastKnownFileType = sourcecode.swift; path = Currency.swift; sourceTree = "<group>"; };
		4229A3A52947D3710083494E /* UIView+Extension.swift */ = {isa = PBXFileReference; lastKnownFileType = sourcecode.swift; path = "UIView+Extension.swift"; sourceTree = "<group>"; };
		422A63942935A56400ABB4C4 /* ShortDescriptionViewController.swift */ = {isa = PBXFileReference; lastKnownFileType = sourcecode.swift; path = ShortDescriptionViewController.swift; sourceTree = "<group>"; };
		422A9157294032730079554F /* LocationViewController.swift */ = {isa = PBXFileReference; lastKnownFileType = sourcecode.swift; path = LocationViewController.swift; sourceTree = "<group>"; };
		422A9159294032970079554F /* CreateEventOverviewViewController.swift */ = {isa = PBXFileReference; lastKnownFileType = sourcecode.swift; path = CreateEventOverviewViewController.swift; sourceTree = "<group>"; };
		422A915F2940AA2F0079554F /* DateTime.storyboard */ = {isa = PBXFileReference; lastKnownFileType = file.storyboard; path = DateTime.storyboard; sourceTree = "<group>"; };
		423375E2294008E0009FA6C1 /* DateTimeViewController.swift */ = {isa = PBXFileReference; lastKnownFileType = sourcecode.swift; path = DateTimeViewController.swift; sourceTree = "<group>"; };
		4237AC84292C20C700095D47 /* LoginCredentials.swift */ = {isa = PBXFileReference; lastKnownFileType = sourcecode.swift; path = LoginCredentials.swift; sourceTree = "<group>"; };
		4237AC86292C215F00095D47 /* LoginResponse.swift */ = {isa = PBXFileReference; lastKnownFileType = sourcecode.swift; path = LoginResponse.swift; sourceTree = "<group>"; };
		4253AE862933AAC80054DC2B /* Profile.storyboard */ = {isa = PBXFileReference; lastKnownFileType = file.storyboard; path = Profile.storyboard; sourceTree = "<group>"; };
		4253AE882933AD2B0054DC2B /* ProfileViewController.swift */ = {isa = PBXFileReference; lastKnownFileType = sourcecode.swift; path = ProfileViewController.swift; sourceTree = "<group>"; };
		4253AE8B2933BF2A0054DC2B /* Settings.storyboard */ = {isa = PBXFileReference; lastKnownFileType = file.storyboard; path = Settings.storyboard; sourceTree = "<group>"; };
		4253AE8D2933BF6D0054DC2B /* SettingsViewController.swift */ = {isa = PBXFileReference; lastKnownFileType = sourcecode.swift; path = SettingsViewController.swift; sourceTree = "<group>"; };
		4254AD3E29297E2A004D649D /* Constants.swift */ = {isa = PBXFileReference; lastKnownFileType = sourcecode.swift; path = Constants.swift; sourceTree = "<group>"; };
		425992F829383C2800DEFA34 /* SecurityViewController.swift */ = {isa = PBXFileReference; lastKnownFileType = sourcecode.swift; path = SecurityViewController.swift; sourceTree = "<group>"; };
		425992FA29383C3400DEFA34 /* Security.storyboard */ = {isa = PBXFileReference; lastKnownFileType = file.storyboard; path = Security.storyboard; sourceTree = "<group>"; };
		425B8D11293585F500907BD9 /* ProfileService.swift */ = {isa = PBXFileReference; lastKnownFileType = sourcecode.swift; path = ProfileService.swift; sourceTree = "<group>"; };
		425B8D1729359BA100907BD9 /* ProfileEdit.storyboard */ = {isa = PBXFileReference; lastKnownFileType = file.storyboard; path = ProfileEdit.storyboard; sourceTree = "<group>"; };
		425B8D1929359BB900907BD9 /* ProfileEditViewController.swift */ = {isa = PBXFileReference; lastKnownFileType = sourcecode.swift; path = ProfileEditViewController.swift; sourceTree = "<group>"; };
		425FAC172938131200486755 /* CreateEventEntries.swift */ = {isa = PBXFileReference; lastKnownFileType = sourcecode.swift; path = CreateEventEntries.swift; sourceTree = "<group>"; };
		426CB813294A2C0C0011FC42 /* User.swift */ = {isa = PBXFileReference; lastKnownFileType = sourcecode.swift; path = User.swift; sourceTree = "<group>"; };
		426CB815294A2DBE0011FC42 /* UserCreatorEvent.swift */ = {isa = PBXFileReference; lastKnownFileType = sourcecode.swift; path = UserCreatorEvent.swift; sourceTree = "<group>"; };
		4272BF1329340FAB00797045 /* JoinedEventsViewController.swift */ = {isa = PBXFileReference; lastKnownFileType = sourcecode.swift; path = JoinedEventsViewController.swift; sourceTree = "<group>"; };
		4272BF1529340FB700797045 /* JoinedEvents.storyboard */ = {isa = PBXFileReference; lastKnownFileType = file.storyboard; path = JoinedEvents.storyboard; sourceTree = "<group>"; };
		4272BF1A2934136C00797045 /* PastCreatedEventsViewController.swift */ = {isa = PBXFileReference; lastKnownFileType = sourcecode.swift; path = PastCreatedEventsViewController.swift; sourceTree = "<group>"; };
		4272BF1C2934137900797045 /* PastCreatedEvents.storyboard */ = {isa = PBXFileReference; lastKnownFileType = file.storyboard; path = PastCreatedEvents.storyboard; sourceTree = "<group>"; };
		4272BF1E2934138B00797045 /* CreatedEvents.storyboard */ = {isa = PBXFileReference; lastKnownFileType = file.storyboard; path = CreatedEvents.storyboard; sourceTree = "<group>"; };
		4272BF202934139700797045 /* CreatedEventsViewController.swift */ = {isa = PBXFileReference; lastKnownFileType = sourcecode.swift; path = CreatedEventsViewController.swift; sourceTree = "<group>"; };
		4272BF24293413AE00797045 /* PastJoinedEvents.storyboard */ = {isa = PBXFileReference; lastKnownFileType = file.storyboard; path = PastJoinedEvents.storyboard; sourceTree = "<group>"; };
		4272BF26293413D400797045 /* PastJoinedEventsViewController.swift */ = {isa = PBXFileReference; lastKnownFileType = sourcecode.swift; path = PastJoinedEventsViewController.swift; sourceTree = "<group>"; };
		42740C3E2926468900CD1DFC /* Register.storyboard */ = {isa = PBXFileReference; lastKnownFileType = file.storyboard; path = Register.storyboard; sourceTree = "<group>"; };
		427F18762923F6D9009284DA /* EventList.storyboard */ = {isa = PBXFileReference; lastKnownFileType = file.storyboard; path = EventList.storyboard; sourceTree = "<group>"; };
		427F18782923F6FB009284DA /* EventListViewController.swift */ = {isa = PBXFileReference; lastKnownFileType = sourcecode.swift; path = EventListViewController.swift; sourceTree = "<group>"; };
		427F187B2923F793009284DA /* Event.swift */ = {isa = PBXFileReference; lastKnownFileType = sourcecode.swift; path = Event.swift; sourceTree = "<group>"; };
		427F187D2924083A009284DA /* EventListTableViewCell.xib */ = {isa = PBXFileReference; lastKnownFileType = file.xib; path = EventListTableViewCell.xib; sourceTree = "<group>"; };
		427F187F29240924009284DA /* EventListTableViewCell.swift */ = {isa = PBXFileReference; lastKnownFileType = sourcecode.swift; path = EventListTableViewCell.swift; sourceTree = "<group>"; };
		427F1885292643DA009284DA /* UIImageView+Extension.swift */ = {isa = PBXFileReference; lastKnownFileType = sourcecode.swift; path = "UIImageView+Extension.swift"; sourceTree = "<group>"; };
		427F18932927BCD2009284DA /* EventDetailViewController.swift */ = {isa = PBXFileReference; lastKnownFileType = sourcecode.swift; path = EventDetailViewController.swift; sourceTree = "<group>"; };
		428ADAA429264FF100417940 /* LoginViewController.swift */ = {isa = PBXFileReference; lastKnownFileType = sourcecode.swift; path = LoginViewController.swift; sourceTree = "<group>"; };
		428D0D5B2944E5250076DD11 /* UIViewController+Extension.swift */ = {isa = PBXFileReference; lastKnownFileType = sourcecode.swift; path = "UIViewController+Extension.swift"; sourceTree = "<group>"; };
		429861B629392CA4001CF447 /* PasswordData.swift */ = {isa = PBXFileReference; lastKnownFileType = sourcecode.swift; path = PasswordData.swift; sourceTree = "<group>"; };
		429861B829392D45001CF447 /* SettingsService.swift */ = {isa = PBXFileReference; lastKnownFileType = sourcecode.swift; path = SettingsService.swift; sourceTree = "<group>"; };
		429861C2294379BA001CF447 /* UIViewController+Extension.swift */ = {isa = PBXFileReference; lastKnownFileType = sourcecode.swift; path = "UIViewController+Extension.swift"; sourceTree = "<group>"; };
		429AC2692926ADF60029498B /* RegisterViewController.swift */ = {isa = PBXFileReference; lastKnownFileType = sourcecode.swift; path = RegisterViewController.swift; sourceTree = "<group>"; };
		429FCA282933F2F200269AC5 /* UIImageView+Extension.swift */ = {isa = PBXFileReference; lastKnownFileType = sourcecode.swift; path = "UIImageView+Extension.swift"; sourceTree = "<group>"; };
		42BA9E972940B738008CAA90 /* CreateEventOverview.storyboard */ = {isa = PBXFileReference; lastKnownFileType = file.storyboard; path = CreateEventOverview.storyboard; sourceTree = "<group>"; };
		42BA9E992940B777008CAA90 /* Location.storyboard */ = {isa = PBXFileReference; lastKnownFileType = file.storyboard; path = Location.storyboard; sourceTree = "<group>"; };
		42BA9E9D2940B7A9008CAA90 /* ShortDescription.storyboard */ = {isa = PBXFileReference; lastKnownFileType = file.storyboard; path = ShortDescription.storyboard; sourceTree = "<group>"; };
		42BA9E9F2942A3EA008CAA90 /* CreateEventObject.swift */ = {isa = PBXFileReference; lastKnownFileType = sourcecode.swift; path = CreateEventObject.swift; sourceTree = "<group>"; };
		42D99DE2292835C700516EF9 /* RegisterService.swift */ = {isa = PBXFileReference; lastKnownFileType = sourcecode.swift; path = RegisterService.swift; sourceTree = "<group>"; };
		42DB272B292656ED0027A00C /* LoginServices.swift */ = {isa = PBXFileReference; lastKnownFileType = sourcecode.swift; path = LoginServices.swift; sourceTree = "<group>"; };
		42DB2733292672970027A00C /* UserStorage.swift */ = {isa = PBXFileReference; lastKnownFileType = sourcecode.swift; path = UserStorage.swift; sourceTree = "<group>"; };
		42DD304D292A9C8D0054B088 /* EventDetail.storyboard */ = {isa = PBXFileReference; lastKnownFileType = file.storyboard; path = EventDetail.storyboard; sourceTree = "<group>"; };
		42DD305329310FFB0054B088 /* EventServices.swift */ = {isa = PBXFileReference; lastKnownFileType = sourcecode.swift; path = EventServices.swift; sourceTree = "<group>"; };
		42EA63222932AADB007417D0 /* RegisterEntries.swift */ = {isa = PBXFileReference; lastKnownFileType = sourcecode.swift; path = RegisterEntries.swift; sourceTree = "<group>"; };
		42EA63282932BB6E007417D0 /* InitialViewController.swift */ = {isa = PBXFileReference; lastKnownFileType = sourcecode.swift; path = InitialViewController.swift; sourceTree = "<group>"; };
		42EA632A2932BB7D007417D0 /* Initial.storyboard */ = {isa = PBXFileReference; lastKnownFileType = file.storyboard; path = Initial.storyboard; sourceTree = "<group>"; };
/* End PBXFileReference section */

/* Begin PBXFrameworksBuildPhase section */
		420CDA91290E54380074ACFA /* Frameworks */ = {
			isa = PBXFrameworksBuildPhase;
			buildActionMask = 2147483647;
			files = (
				427F188329263D9A009284DA /* Alamofire in Frameworks */,
				427F188929264468009284DA /* AlamofireImage in Frameworks */,
				42496D10293033AA00D972C9 /* IQKeyboardManagerSwift in Frameworks */,
				42D904382938263200831199 /* SkeletonView in Frameworks */,
				42496D0C29301C9A00D972C9 /* KeychainAccess in Frameworks */,
				4207BBDF2948B50C00169EB9 /* GooglePlaces in Frameworks */,
				420C5D92292C586C001E650D /* NVActivityIndicatorViewExtended in Frameworks */,
				420C5D90292C586C001E650D /* NVActivityIndicatorView in Frameworks */,
				42541810293785D500782493 /* Hero in Frameworks */,
				42D99DE62928362300516EF9 /* Alamofire in Frameworks */,
			);
			runOnlyForDeploymentPostprocessing = 0;
		};
/* End PBXFrameworksBuildPhase section */

/* Begin PBXGroup section */
		420CDA8B290E54380074ACFA = {
			isa = PBXGroup;
			children = (
				420CDA96290E54380074ACFA /* Clique */,
				420CDA95290E54380074ACFA /* Products */,
			);
			sourceTree = "<group>";
		};
		420CDA95290E54380074ACFA /* Products */ = {
			isa = PBXGroup;
			children = (
				420CDA94290E54380074ACFA /* Clique.app */,
			);
			name = Products;
			sourceTree = "<group>";
		};
		420CDA96290E54380074ACFA /* Clique */ = {
			isa = PBXGroup;
			children = (
				420CDAAF290E55D30074ACFA /* Application */,
				420CDAAE290E55C90074ACFA /* Common */,
				420CDAAD290E55C00074ACFA /* Modules */,
				420CDAAC290E55B40074ACFA /* Resources */,
			);
			path = Clique;
			sourceTree = "<group>";
		};
		420CDAAC290E55B40074ACFA /* Resources */ = {
			isa = PBXGroup;
			children = (
				420CDAA5290E543A0074ACFA /* Info.plist */,
				420CDAA0290E543A0074ACFA /* Assets.xcassets */,
				420CDAB0290E55FB0074ACFA /* Storyboards */,
			);
			path = Resources;
			sourceTree = "<group>";
		};
		420CDAAD290E55C00074ACFA /* Modules */ = {
			isa = PBXGroup;
			children = (
				420EB35B2942A3C0008263B7 /* TabBar */,
				4272BF192934135900797045 /* PastCreatedEvents */,
				4272BF182934133500797045 /* CreatedEvents */,
				4272BF172934132500797045 /* PastJoinedEvents */,
				4272BF1229340F9400797045 /* JoinedEvents */,
				4253AE8A2933BF130054DC2B /* Settings */,
				4253AE852933AA9B0054DC2B /* Profile */,
				421487162933FBF70053B344 /* CreateEvent */,
				427F188A2927BB24009284DA /* EventDetail */,
				427F18752923F681009284DA /* EventList */,
				42EA63272932BB49007417D0 /* Initial */,
				42740C3D2926467500CD1DFC /* Register */,
				4213718F29262F050082F1C7 /* Login */,
			);
			path = Modules;
			sourceTree = "<group>";
		};
		420CDAAE290E55C90074ACFA /* Common */ = {
			isa = PBXGroup;
			children = (
				429FCA272933F2E600269AC5 /* Extensions */,
				42D99DE1292835AE00516EF9 /* Services */,
				4237AC83292C20AA00095D47 /* Models */,
				4254AD3D29297E16004D649D /* Constants */,
				42DB2732292672820027A00C /* Storage */,
			);
			path = Common;
			sourceTree = "<group>";
		};
		420CDAAF290E55D30074ACFA /* Application */ = {
			isa = PBXGroup;
			children = (
				420CDA97290E54380074ACFA /* AppDelegate.swift */,
				420CDA99290E54380074ACFA /* SceneDelegate.swift */,
			);
			path = Application;
			sourceTree = "<group>";
		};
		420CDAB0290E55FB0074ACFA /* Storyboards */ = {
			isa = PBXGroup;
			children = (
				420CDAA2290E543A0074ACFA /* LaunchScreen.storyboard */,
			);
			path = Storyboards;
			sourceTree = "<group>";
		};
		420EB35B2942A3C0008263B7 /* TabBar */ = {
			isa = PBXGroup;
			children = (
				420EB35C2942A3D1008263B7 /* TabBar.storyboard */,
				420EB35E2942A3E5008263B7 /* TabBarViewController.swift */,
			);
			path = TabBar;
			sourceTree = "<group>";
		};
		4213718F29262F050082F1C7 /* Login */ = {
			isa = PBXGroup;
			children = (
				4213719029262F1B0082F1C7 /* Login.storyboard */,
				428ADAA429264FF100417940 /* LoginViewController.swift */,
			);
			path = Login;
			sourceTree = "<group>";
		};
		421487162933FBF70053B344 /* CreateEvent */ = {
			isa = PBXGroup;
			children = (
				42BA9E962940B70A008CAA90 /* CreateEventOverview */,
				42BA9E952940B701008CAA90 /* Location */,
				42BA9E942940B6F3008CAA90 /* ShortDescription */,
				422A915C2940A59A0079554F /* DateTime */,
				422A915B2940A5480079554F /* BasicInfo */,
			);
			path = CreateEvent;
			sourceTree = "<group>";
		};
		422A915B2940A5480079554F /* BasicInfo */ = {
			isa = PBXGroup;
			children = (
				421487172933FC170053B344 /* BasicInfoViewController.swift */,
				421487192933FC360053B344 /* BasicInfo.storyboard */,
			);
			path = BasicInfo;
			sourceTree = "<group>";
		};
		422A915C2940A59A0079554F /* DateTime */ = {
			isa = PBXGroup;
			children = (
				423375E2294008E0009FA6C1 /* DateTimeViewController.swift */,
				422A915F2940AA2F0079554F /* DateTime.storyboard */,
			);
			path = DateTime;
			sourceTree = "<group>";
		};
		4237AC83292C20AA00095D47 /* Models */ = {
			isa = PBXGroup;
			children = (
				427F187B2923F793009284DA /* Event.swift */,
				4237AC84292C20C700095D47 /* LoginCredentials.swift */,
				4237AC86292C215F00095D47 /* LoginResponse.swift */,
				42EA63222932AADB007417D0 /* RegisterEntries.swift */,
				429861B629392CA4001CF447 /* PasswordData.swift */,
				4214871F29342C7A0053B344 /* Category.swift */,
				421487212934413D0053B344 /* Currency.swift */,
				425FAC172938131200486755 /* CreateEventEntries.swift */,
				42BA9E9F2942A3EA008CAA90 /* CreateEventObject.swift */,
				426CB813294A2C0C0011FC42 /* User.swift */,
				426CB815294A2DBE0011FC42 /* UserCreatorEvent.swift */,
			);
			path = Models;
			sourceTree = "<group>";
		};
		4253AE852933AA9B0054DC2B /* Profile */ = {
			isa = PBXGroup;
			children = (
				4253AE862933AAC80054DC2B /* Profile.storyboard */,
				4253AE882933AD2B0054DC2B /* ProfileViewController.swift */,
				425B8D1729359BA100907BD9 /* ProfileEdit.storyboard */,
				425B8D1929359BB900907BD9 /* ProfileEditViewController.swift */,
			);
			path = Profile;
			sourceTree = "<group>";
		};
		4253AE8A2933BF130054DC2B /* Settings */ = {
			isa = PBXGroup;
			children = (
				4253AE8B2933BF2A0054DC2B /* Settings.storyboard */,
				4253AE8D2933BF6D0054DC2B /* SettingsViewController.swift */,
				425992F829383C2800DEFA34 /* SecurityViewController.swift */,
				425992FA29383C3400DEFA34 /* Security.storyboard */,
			);
			path = Settings;
			sourceTree = "<group>";
		};
		4254AD3D29297E16004D649D /* Constants */ = {
			isa = PBXGroup;
			children = (
				4254AD3E29297E2A004D649D /* Constants.swift */,
			);
			path = Constants;
			sourceTree = "<group>";
		};
		4272BF1229340F9400797045 /* JoinedEvents */ = {
			isa = PBXGroup;
			children = (
				4272BF1529340FB700797045 /* JoinedEvents.storyboard */,
				4272BF1329340FAB00797045 /* JoinedEventsViewController.swift */,
			);
			path = JoinedEvents;
			sourceTree = "<group>";
		};
		4272BF172934132500797045 /* PastJoinedEvents */ = {
			isa = PBXGroup;
			children = (
				4272BF24293413AE00797045 /* PastJoinedEvents.storyboard */,
				4272BF26293413D400797045 /* PastJoinedEventsViewController.swift */,
			);
			path = PastJoinedEvents;
			sourceTree = "<group>";
		};
		4272BF182934133500797045 /* CreatedEvents */ = {
			isa = PBXGroup;
			children = (
				4272BF1E2934138B00797045 /* CreatedEvents.storyboard */,
				4272BF202934139700797045 /* CreatedEventsViewController.swift */,
			);
			path = CreatedEvents;
			sourceTree = "<group>";
		};
		4272BF192934135900797045 /* PastCreatedEvents */ = {
			isa = PBXGroup;
			children = (
				4272BF1C2934137900797045 /* PastCreatedEvents.storyboard */,
				4272BF1A2934136C00797045 /* PastCreatedEventsViewController.swift */,
			);
			path = PastCreatedEvents;
			sourceTree = "<group>";
		};
		42740C3D2926467500CD1DFC /* Register */ = {
			isa = PBXGroup;
			children = (
				42740C3E2926468900CD1DFC /* Register.storyboard */,
				429AC2692926ADF60029498B /* RegisterViewController.swift */,
			);
			path = Register;
			sourceTree = "<group>";
		};
		427F18752923F681009284DA /* EventList */ = {
			isa = PBXGroup;
			children = (
				427F18762923F6D9009284DA /* EventList.storyboard */,
				427F18782923F6FB009284DA /* EventListViewController.swift */,
				427F187D2924083A009284DA /* EventListTableViewCell.xib */,
				427F187F29240924009284DA /* EventListTableViewCell.swift */,
			);
			path = EventList;
			sourceTree = "<group>";
		};
		427F188A2927BB24009284DA /* EventDetail */ = {
			isa = PBXGroup;
			children = (
				42DD304D292A9C8D0054B088 /* EventDetail.storyboard */,
				427F18932927BCD2009284DA /* EventDetailViewController.swift */,
			);
			path = EventDetail;
			sourceTree = "<group>";
		};
		429FCA272933F2E600269AC5 /* Extensions */ = {
			isa = PBXGroup;
			children = (
				429FCA282933F2F200269AC5 /* UIImageView+Extension.swift */,
				429861C2294379BA001CF447 /* UIViewController+Extension.swift */,
				427F1885292643DA009284DA /* UIImageView+Extension.swift */,
				4229A3A52947D3710083494E /* UIView+Extension.swift */,
				428D0D5B2944E5250076DD11 /* UIViewController+Extension.swift */,
			);
			path = Extensions;
			sourceTree = "<group>";
		};
		42BA9E942940B6F3008CAA90 /* ShortDescription */ = {
			isa = PBXGroup;
			children = (
				422A63942935A56400ABB4C4 /* ShortDescriptionViewController.swift */,
				42BA9E9D2940B7A9008CAA90 /* ShortDescription.storyboard */,
			);
			path = ShortDescription;
			sourceTree = "<group>";
		};
		42BA9E952940B701008CAA90 /* Location */ = {
			isa = PBXGroup;
			children = (
				422A9157294032730079554F /* LocationViewController.swift */,
				42BA9E992940B777008CAA90 /* Location.storyboard */,
			);
			path = Location;
			sourceTree = "<group>";
		};
		42BA9E962940B70A008CAA90 /* CreateEventOverview */ = {
			isa = PBXGroup;
			children = (
				422A9159294032970079554F /* CreateEventOverviewViewController.swift */,
				42BA9E972940B738008CAA90 /* CreateEventOverview.storyboard */,
			);
			path = CreateEventOverview;
			sourceTree = "<group>";
		};
		42D99DE1292835AE00516EF9 /* Services */ = {
			isa = PBXGroup;
			children = (
				42DD305329310FFB0054B088 /* EventServices.swift */,
				42DB272B292656ED0027A00C /* LoginServices.swift */,
				42D99DE2292835C700516EF9 /* RegisterService.swift */,
				425B8D11293585F500907BD9 /* ProfileService.swift */,
				429861B829392D45001CF447 /* SettingsService.swift */,
				4214871D293427BC0053B344 /* CreateEventService.swift */,
			);
			path = Services;
			sourceTree = "<group>";
		};
		42DB2732292672820027A00C /* Storage */ = {
			isa = PBXGroup;
			children = (
				42DB2733292672970027A00C /* UserStorage.swift */,
			);
			path = Storage;
			sourceTree = "<group>";
		};
		42EA63272932BB49007417D0 /* Initial */ = {
			isa = PBXGroup;
			children = (
				42EA63282932BB6E007417D0 /* InitialViewController.swift */,
				42EA632A2932BB7D007417D0 /* Initial.storyboard */,
			);
			path = Initial;
			sourceTree = "<group>";
		};
/* End PBXGroup section */

/* Begin PBXNativeTarget section */
		420CDA93290E54380074ACFA /* Clique */ = {
			isa = PBXNativeTarget;
			buildConfigurationList = 420CDAA8290E543A0074ACFA /* Build configuration list for PBXNativeTarget "Clique" */;
			buildPhases = (
				420CDA90290E54380074ACFA /* Sources */,
				420CDA91290E54380074ACFA /* Frameworks */,
				420CDA92290E54380074ACFA /* Resources */,
			);
			buildRules = (
			);
			dependencies = (
			);
			name = Clique;
			packageProductDependencies = (
				427F188229263D9A009284DA /* Alamofire */,
				427F188829264468009284DA /* AlamofireImage */,
				42D99DE52928362300516EF9 /* Alamofire */,
				420C5D8F292C586C001E650D /* NVActivityIndicatorView */,
				420C5D91292C586C001E650D /* NVActivityIndicatorViewExtended */,
				42496D0B29301C9A00D972C9 /* KeychainAccess */,
				42496D0F293033AA00D972C9 /* IQKeyboardManagerSwift */,
				4254180F293785D500782493 /* Hero */,
				42D904372938263200831199 /* SkeletonView */,
				4207BBDE2948B50C00169EB9 /* GooglePlaces */,
			);
			productName = Clique;
			productReference = 420CDA94290E54380074ACFA /* Clique.app */;
			productType = "com.apple.product-type.application";
		};
/* End PBXNativeTarget section */

/* Begin PBXProject section */
		420CDA8C290E54380074ACFA /* Project object */ = {
			isa = PBXProject;
			attributes = {
				BuildIndependentTargetsInParallel = 1;
				LastSwiftUpdateCheck = 1400;
				LastUpgradeCheck = 1400;
				TargetAttributes = {
					420CDA93290E54380074ACFA = {
						CreatedOnToolsVersion = 14.0.1;
					};
				};
			};
			buildConfigurationList = 420CDA8F290E54380074ACFA /* Build configuration list for PBXProject "Clique" */;
			compatibilityVersion = "Xcode 14.0";
			developmentRegion = en;
			hasScannedForEncodings = 0;
			knownRegions = (
				en,
				Base,
			);
			mainGroup = 420CDA8B290E54380074ACFA;
			packageReferences = (
				427F188129263D9A009284DA /* XCRemoteSwiftPackageReference "Alamofire" */,
				427F188729264468009284DA /* XCRemoteSwiftPackageReference "AlamofireImage" */,
				42D99DE42928362300516EF9 /* XCRemoteSwiftPackageReference "Alamofire" */,
				420C5D8E292C586C001E650D /* XCRemoteSwiftPackageReference "NVActivityIndicatorView" */,
				42496D0A29301C9A00D972C9 /* XCRemoteSwiftPackageReference "KeychainAccess" */,
				42496D0E293033AA00D972C9 /* XCRemoteSwiftPackageReference "IQKeyboardManager" */,
				4254180E293785D500782493 /* XCRemoteSwiftPackageReference "Hero" */,
				42D904362938263200831199 /* XCRemoteSwiftPackageReference "SkeletonView" */,
				4207BBDD2948B50C00169EB9 /* XCRemoteSwiftPackageReference "GoogleMaps-SP" */,
			);
			productRefGroup = 420CDA95290E54380074ACFA /* Products */;
			projectDirPath = "";
			projectRoot = "";
			targets = (
				420CDA93290E54380074ACFA /* Clique */,
			);
		};
/* End PBXProject section */

/* Begin PBXResourcesBuildPhase section */
		420CDA92290E54380074ACFA /* Resources */ = {
			isa = PBXResourcesBuildPhase;
			buildActionMask = 2147483647;
			files = (
				425992FB29383C3400DEFA34 /* Security.storyboard in Resources */,
				4253AE872933AAC80054DC2B /* Profile.storyboard in Resources */,
				4213719129262F1B0082F1C7 /* Login.storyboard in Resources */,
				4272BF25293413AE00797045 /* PastJoinedEvents.storyboard in Resources */,
				4214871A2933FC360053B344 /* BasicInfo.storyboard in Resources */,
				42BA9E982940B738008CAA90 /* CreateEventOverview.storyboard in Resources */,
				42BA9E9A2940B777008CAA90 /* Location.storyboard in Resources */,
				420CDAA4290E543A0074ACFA /* LaunchScreen.storyboard in Resources */,
				427F18772923F6D9009284DA /* EventList.storyboard in Resources */,
				420CDAA1290E543A0074ACFA /* Assets.xcassets in Resources */,
				4272BF1F2934138B00797045 /* CreatedEvents.storyboard in Resources */,
				4272BF1629340FB700797045 /* JoinedEvents.storyboard in Resources */,
				42EA632B2932BB7D007417D0 /* Initial.storyboard in Resources */,
				425B8D1829359BA100907BD9 /* ProfileEdit.storyboard in Resources */,
				42DD304E292A9C8D0054B088 /* EventDetail.storyboard in Resources */,
				427F187E2924083A009284DA /* EventListTableViewCell.xib in Resources */,
				42EA632B2932BB7D007417D0 /* Initial.storyboard in Resources */,
				422A91602940AA2F0079554F /* DateTime.storyboard in Resources */,
				42BA9E9E2940B7A9008CAA90 /* ShortDescription.storyboard in Resources */,
				42740C3F2926468900CD1DFC /* Register.storyboard in Resources */,
				4272BF1D2934137900797045 /* PastCreatedEvents.storyboard in Resources */,
				420EB35D2942A3D1008263B7 /* TabBar.storyboard in Resources */,
				4253AE8C2933BF2A0054DC2B /* Settings.storyboard in Resources */,
			);
			runOnlyForDeploymentPostprocessing = 0;
		};
/* End PBXResourcesBuildPhase section */

/* Begin PBXSourcesBuildPhase section */
		420CDA90290E54380074ACFA /* Sources */ = {
			isa = PBXSourcesBuildPhase;
			buildActionMask = 2147483647;
			files = (
				429861B929392D45001CF447 /* SettingsService.swift in Sources */,
				4272BF1429340FAB00797045 /* JoinedEventsViewController.swift in Sources */,
				428D0D5C2944E5250076DD11 /* UIViewController+Extension.swift in Sources */,
				422A9158294032730079554F /* LocationViewController.swift in Sources */,
				420C23AE2938D670007D612C /* AppDelegate.swift in Sources */,
				42DD305429310FFB0054B088 /* EventServices.swift in Sources */,
				427F188029240924009284DA /* EventListTableViewCell.swift in Sources */,
				427F1886292643DA009284DA /* UIImageView+Extension.swift in Sources */,
				426CB816294A2DBE0011FC42 /* UserCreatorEvent.swift in Sources */,
				427F18792923F6FB009284DA /* EventListViewController.swift in Sources */,
				427F18942927BCD2009284DA /* EventDetailViewController.swift in Sources */,
				427F187C2923F793009284DA /* Event.swift in Sources */,
				42464B01292F7ADA009FDE1D /* SceneDelegate.swift in Sources */,
				429861C3294379BA001CF447 /* UIViewController+Extension.swift in Sources */,
				4237AC85292C20C700095D47 /* LoginCredentials.swift in Sources */,
				428ADAA529264FF100417940 /* LoginViewController.swift in Sources */,
				422A915A294032970079554F /* CreateEventOverviewViewController.swift in Sources */,
				423375E3294008E0009FA6C1 /* DateTimeViewController.swift in Sources */,
				42EA63292932BB6E007417D0 /* InitialViewController.swift in Sources */,
				422A63952935A56400ABB4C4 /* ShortDescriptionViewController.swift in Sources */,
				421487222934413D0053B344 /* Currency.swift in Sources */,
				4237AC87292C215F00095D47 /* LoginResponse.swift in Sources */,
				4272BF212934139700797045 /* CreatedEventsViewController.swift in Sources */,
				426CB814294A2C0C0011FC42 /* User.swift in Sources */,
				420EB35F2942A3E5008263B7 /* TabBarViewController.swift in Sources */,
				429861B729392CA4001CF447 /* PasswordData.swift in Sources */,
				429AC26A2926ADF60029498B /* RegisterViewController.swift in Sources */,
				425B8D12293585F500907BD9 /* ProfileService.swift in Sources */,
				42BA9EA02942A3EA008CAA90 /* CreateEventObject.swift in Sources */,
				421487182933FC170053B344 /* BasicInfoViewController.swift in Sources */,
				429AC26A2926ADF60029498B /* RegisterViewController.swift in Sources */,
				425FAC182938131200486755 /* CreateEventEntries.swift in Sources */,
				42D99DE3292835C700516EF9 /* RegisterService.swift in Sources */,
				425992F929383C2800DEFA34 /* SecurityViewController.swift in Sources */,
				42EA63232932AADB007417D0 /* RegisterEntries.swift in Sources */,
				4272BF27293413D400797045 /* PastJoinedEventsViewController.swift in Sources */,
				4253AE8E2933BF6D0054DC2B /* SettingsViewController.swift in Sources */,
				429FCA292933F2F200269AC5 /* UIImageView+Extension.swift in Sources */,
				4272BF1B2934136C00797045 /* PastCreatedEventsViewController.swift in Sources */,
				4229A3A62947D3710083494E /* UIView+Extension.swift in Sources */,
				42DB2734292672970027A00C /* UserStorage.swift in Sources */,
				4253AE892933AD2B0054DC2B /* ProfileViewController.swift in Sources */,
				425B8D1A29359BB900907BD9 /* ProfileEditViewController.swift in Sources */,
				4214872029342C7A0053B344 /* Category.swift in Sources */,
				4254AD3F29297E2A004D649D /* Constants.swift in Sources */,
				4214871E293427BC0053B344 /* CreateEventService.swift in Sources */,
				42DB272C292656ED0027A00C /* LoginServices.swift in Sources */,
			);
			runOnlyForDeploymentPostprocessing = 0;
		};
/* End PBXSourcesBuildPhase section */

/* Begin PBXVariantGroup section */
		420CDAA2290E543A0074ACFA /* LaunchScreen.storyboard */ = {
			isa = PBXVariantGroup;
			children = (
				420CDAA3290E543A0074ACFA /* Base */,
			);
			name = LaunchScreen.storyboard;
			sourceTree = "<group>";
		};
/* End PBXVariantGroup section */

/* Begin XCBuildConfiguration section */
		420CDAA6290E543A0074ACFA /* Debug */ = {
			isa = XCBuildConfiguration;
			buildSettings = {
				ALWAYS_SEARCH_USER_PATHS = NO;
				CLANG_ANALYZER_NONNULL = YES;
				CLANG_ANALYZER_NUMBER_OBJECT_CONVERSION = YES_AGGRESSIVE;
				CLANG_CXX_LANGUAGE_STANDARD = "gnu++20";
				CLANG_ENABLE_MODULES = YES;
				CLANG_ENABLE_OBJC_ARC = YES;
				CLANG_ENABLE_OBJC_WEAK = YES;
				CLANG_WARN_BLOCK_CAPTURE_AUTORELEASING = YES;
				CLANG_WARN_BOOL_CONVERSION = YES;
				CLANG_WARN_COMMA = YES;
				CLANG_WARN_CONSTANT_CONVERSION = YES;
				CLANG_WARN_DEPRECATED_OBJC_IMPLEMENTATIONS = YES;
				CLANG_WARN_DIRECT_OBJC_ISA_USAGE = YES_ERROR;
				CLANG_WARN_DOCUMENTATION_COMMENTS = YES;
				CLANG_WARN_EMPTY_BODY = YES;
				CLANG_WARN_ENUM_CONVERSION = YES;
				CLANG_WARN_INFINITE_RECURSION = YES;
				CLANG_WARN_INT_CONVERSION = YES;
				CLANG_WARN_NON_LITERAL_NULL_CONVERSION = YES;
				CLANG_WARN_OBJC_IMPLICIT_RETAIN_SELF = YES;
				CLANG_WARN_OBJC_LITERAL_CONVERSION = YES;
				CLANG_WARN_OBJC_ROOT_CLASS = YES_ERROR;
				CLANG_WARN_QUOTED_INCLUDE_IN_FRAMEWORK_HEADER = YES;
				CLANG_WARN_RANGE_LOOP_ANALYSIS = YES;
				CLANG_WARN_STRICT_PROTOTYPES = YES;
				CLANG_WARN_SUSPICIOUS_MOVE = YES;
				CLANG_WARN_UNGUARDED_AVAILABILITY = YES_AGGRESSIVE;
				CLANG_WARN_UNREACHABLE_CODE = YES;
				CLANG_WARN__DUPLICATE_METHOD_MATCH = YES;
				COPY_PHASE_STRIP = NO;
				DEBUG_INFORMATION_FORMAT = dwarf;
				ENABLE_STRICT_OBJC_MSGSEND = YES;
				ENABLE_TESTABILITY = YES;
				GCC_C_LANGUAGE_STANDARD = gnu11;
				GCC_DYNAMIC_NO_PIC = NO;
				GCC_NO_COMMON_BLOCKS = YES;
				GCC_OPTIMIZATION_LEVEL = 0;
				GCC_PREPROCESSOR_DEFINITIONS = (
					"DEBUG=1",
					"$(inherited)",
				);
				GCC_WARN_64_TO_32_BIT_CONVERSION = YES;
				GCC_WARN_ABOUT_RETURN_TYPE = YES_ERROR;
				GCC_WARN_UNDECLARED_SELECTOR = YES;
				GCC_WARN_UNINITIALIZED_AUTOS = YES_AGGRESSIVE;
				GCC_WARN_UNUSED_FUNCTION = YES;
				GCC_WARN_UNUSED_VARIABLE = YES;
				IPHONEOS_DEPLOYMENT_TARGET = 16.0;
				MTL_ENABLE_DEBUG_INFO = INCLUDE_SOURCE;
				MTL_FAST_MATH = YES;
				ONLY_ACTIVE_ARCH = YES;
				SDKROOT = iphoneos;
				SWIFT_ACTIVE_COMPILATION_CONDITIONS = DEBUG;
				SWIFT_OPTIMIZATION_LEVEL = "-Onone";
			};
			name = Debug;
		};
		420CDAA7290E543A0074ACFA /* Release */ = {
			isa = XCBuildConfiguration;
			buildSettings = {
				ALWAYS_SEARCH_USER_PATHS = NO;
				CLANG_ANALYZER_NONNULL = YES;
				CLANG_ANALYZER_NUMBER_OBJECT_CONVERSION = YES_AGGRESSIVE;
				CLANG_CXX_LANGUAGE_STANDARD = "gnu++20";
				CLANG_ENABLE_MODULES = YES;
				CLANG_ENABLE_OBJC_ARC = YES;
				CLANG_ENABLE_OBJC_WEAK = YES;
				CLANG_WARN_BLOCK_CAPTURE_AUTORELEASING = YES;
				CLANG_WARN_BOOL_CONVERSION = YES;
				CLANG_WARN_COMMA = YES;
				CLANG_WARN_CONSTANT_CONVERSION = YES;
				CLANG_WARN_DEPRECATED_OBJC_IMPLEMENTATIONS = YES;
				CLANG_WARN_DIRECT_OBJC_ISA_USAGE = YES_ERROR;
				CLANG_WARN_DOCUMENTATION_COMMENTS = YES;
				CLANG_WARN_EMPTY_BODY = YES;
				CLANG_WARN_ENUM_CONVERSION = YES;
				CLANG_WARN_INFINITE_RECURSION = YES;
				CLANG_WARN_INT_CONVERSION = YES;
				CLANG_WARN_NON_LITERAL_NULL_CONVERSION = YES;
				CLANG_WARN_OBJC_IMPLICIT_RETAIN_SELF = YES;
				CLANG_WARN_OBJC_LITERAL_CONVERSION = YES;
				CLANG_WARN_OBJC_ROOT_CLASS = YES_ERROR;
				CLANG_WARN_QUOTED_INCLUDE_IN_FRAMEWORK_HEADER = YES;
				CLANG_WARN_RANGE_LOOP_ANALYSIS = YES;
				CLANG_WARN_STRICT_PROTOTYPES = YES;
				CLANG_WARN_SUSPICIOUS_MOVE = YES;
				CLANG_WARN_UNGUARDED_AVAILABILITY = YES_AGGRESSIVE;
				CLANG_WARN_UNREACHABLE_CODE = YES;
				CLANG_WARN__DUPLICATE_METHOD_MATCH = YES;
				COPY_PHASE_STRIP = NO;
				DEBUG_INFORMATION_FORMAT = "dwarf-with-dsym";
				ENABLE_NS_ASSERTIONS = NO;
				ENABLE_STRICT_OBJC_MSGSEND = YES;
				GCC_C_LANGUAGE_STANDARD = gnu11;
				GCC_NO_COMMON_BLOCKS = YES;
				GCC_WARN_64_TO_32_BIT_CONVERSION = YES;
				GCC_WARN_ABOUT_RETURN_TYPE = YES_ERROR;
				GCC_WARN_UNDECLARED_SELECTOR = YES;
				GCC_WARN_UNINITIALIZED_AUTOS = YES_AGGRESSIVE;
				GCC_WARN_UNUSED_FUNCTION = YES;
				GCC_WARN_UNUSED_VARIABLE = YES;
				IPHONEOS_DEPLOYMENT_TARGET = 16.0;
				MTL_ENABLE_DEBUG_INFO = NO;
				MTL_FAST_MATH = YES;
				SDKROOT = iphoneos;
				SWIFT_COMPILATION_MODE = wholemodule;
				SWIFT_OPTIMIZATION_LEVEL = "-O";
				VALIDATE_PRODUCT = YES;
			};
			name = Release;
		};
		420CDAA9290E543A0074ACFA /* Debug */ = {
			isa = XCBuildConfiguration;
			buildSettings = {
				ASSETCATALOG_COMPILER_APPICON_NAME = AppIcon;
				ASSETCATALOG_COMPILER_GLOBAL_ACCENT_COLOR_NAME = AccentColor;
				CODE_SIGN_STYLE = Automatic;
				CURRENT_PROJECT_VERSION = 1;
				DEVELOPMENT_TEAM = 97SHP38V89;
				GENERATE_INFOPLIST_FILE = YES;
				INFOPLIST_FILE = Clique/Resources/Info.plist;
				INFOPLIST_KEY_NSCameraUsageDescription = "ImagePicker-SwiftUI requires access to your camera";
				INFOPLIST_KEY_NSPhotoLibraryUsageDescription = "ImagePicker-SwiftUI requires access to your photo album";
				INFOPLIST_KEY_UIApplicationSupportsIndirectInputEvents = YES;
				INFOPLIST_KEY_UILaunchStoryboardName = LaunchScreen;
				INFOPLIST_KEY_UISupportedInterfaceOrientations_iPad = "UIInterfaceOrientationPortrait UIInterfaceOrientationPortraitUpsideDown UIInterfaceOrientationLandscapeLeft UIInterfaceOrientationLandscapeRight";
				INFOPLIST_KEY_UISupportedInterfaceOrientations_iPhone = "UIInterfaceOrientationPortrait UIInterfaceOrientationLandscapeLeft UIInterfaceOrientationLandscapeRight";
				LD_RUNPATH_SEARCH_PATHS = (
					"$(inherited)",
					"@executable_path/Frameworks",
				);
				MARKETING_VERSION = 1.0;
				PRODUCT_BUNDLE_IDENTIFIER = hr.foi.air.Clique1;
				PRODUCT_NAME = "$(TARGET_NAME)";
				SWIFT_EMIT_LOC_STRINGS = YES;
				SWIFT_VERSION = 5.0;
				TARGETED_DEVICE_FAMILY = "1,2";
			};
			name = Debug;
		};
		420CDAAA290E543A0074ACFA /* Release */ = {
			isa = XCBuildConfiguration;
			buildSettings = {
				ASSETCATALOG_COMPILER_APPICON_NAME = AppIcon;
				ASSETCATALOG_COMPILER_GLOBAL_ACCENT_COLOR_NAME = AccentColor;
				CODE_SIGN_STYLE = Automatic;
				CURRENT_PROJECT_VERSION = 1;
				DEVELOPMENT_TEAM = 97SHP38V89;
				GENERATE_INFOPLIST_FILE = YES;
				INFOPLIST_FILE = Clique/Resources/Info.plist;
				INFOPLIST_KEY_NSCameraUsageDescription = "ImagePicker-SwiftUI requires access to your camera";
				INFOPLIST_KEY_NSPhotoLibraryUsageDescription = "ImagePicker-SwiftUI requires access to your photo album";
				INFOPLIST_KEY_UIApplicationSupportsIndirectInputEvents = YES;
				INFOPLIST_KEY_UILaunchStoryboardName = LaunchScreen;
				INFOPLIST_KEY_UISupportedInterfaceOrientations_iPad = "UIInterfaceOrientationPortrait UIInterfaceOrientationPortraitUpsideDown UIInterfaceOrientationLandscapeLeft UIInterfaceOrientationLandscapeRight";
				INFOPLIST_KEY_UISupportedInterfaceOrientations_iPhone = "UIInterfaceOrientationPortrait UIInterfaceOrientationLandscapeLeft UIInterfaceOrientationLandscapeRight";
				LD_RUNPATH_SEARCH_PATHS = (
					"$(inherited)",
					"@executable_path/Frameworks",
				);
				MARKETING_VERSION = 1.0;
				PRODUCT_BUNDLE_IDENTIFIER = hr.foi.air.Clique1;
				PRODUCT_NAME = "$(TARGET_NAME)";
				SWIFT_EMIT_LOC_STRINGS = YES;
				SWIFT_VERSION = 5.0;
				TARGETED_DEVICE_FAMILY = "1,2";
			};
			name = Release;
		};
/* End XCBuildConfiguration section */

/* Begin XCConfigurationList section */
		420CDA8F290E54380074ACFA /* Build configuration list for PBXProject "Clique" */ = {
			isa = XCConfigurationList;
			buildConfigurations = (
				420CDAA6290E543A0074ACFA /* Debug */,
				420CDAA7290E543A0074ACFA /* Release */,
			);
			defaultConfigurationIsVisible = 0;
			defaultConfigurationName = Release;
		};
		420CDAA8290E543A0074ACFA /* Build configuration list for PBXNativeTarget "Clique" */ = {
			isa = XCConfigurationList;
			buildConfigurations = (
				420CDAA9290E543A0074ACFA /* Debug */,
				420CDAAA290E543A0074ACFA /* Release */,
			);
			defaultConfigurationIsVisible = 0;
			defaultConfigurationName = Release;
		};
/* End XCConfigurationList section */

/* Begin XCRemoteSwiftPackageReference section */
		4207BBDD2948B50C00169EB9 /* XCRemoteSwiftPackageReference "GoogleMaps-SP" */ = {
			isa = XCRemoteSwiftPackageReference;
			repositoryURL = "https://github.com/YAtechnologies/GoogleMaps-SP.git";
			requirement = {
				kind = upToNextMajorVersion;
				minimumVersion = 7.0.0;
			};
		};
		420C5D8E292C586C001E650D /* XCRemoteSwiftPackageReference "NVActivityIndicatorView" */ = {
			isa = XCRemoteSwiftPackageReference;
			repositoryURL = "https://github.com/ninjaprox/NVActivityIndicatorView.git";
			requirement = {
				kind = upToNextMajorVersion;
				minimumVersion = 5.0.0;
			};
		};
		42496D0A29301C9A00D972C9 /* XCRemoteSwiftPackageReference "KeychainAccess" */ = {
			isa = XCRemoteSwiftPackageReference;
			repositoryURL = "https://github.com/kishikawakatsumi/KeychainAccess.git";
			requirement = {
				branch = master;
				kind = branch;
			};
		};
		42496D0E293033AA00D972C9 /* XCRemoteSwiftPackageReference "IQKeyboardManager" */ = {
			isa = XCRemoteSwiftPackageReference;
			repositoryURL = "https://github.com/hackiftekhar/IQKeyboardManager.git";
			requirement = {
				branch = master;
				kind = branch;
			};
		};
		4254180E293785D500782493 /* XCRemoteSwiftPackageReference "Hero" */ = {
			isa = XCRemoteSwiftPackageReference;
			repositoryURL = "https://github.com/HeroTransitions/Hero";
			requirement = {
				kind = upToNextMajorVersion;
				minimumVersion = 1.0.0;
			};
		};
		427F188129263D9A009284DA /* XCRemoteSwiftPackageReference "Alamofire" */ = {
			isa = XCRemoteSwiftPackageReference;
			repositoryURL = "https://github.com/Alamofire/Alamofire";
			requirement = {
				kind = upToNextMajorVersion;
				minimumVersion = 5.0.0;
			};
		};
		427F188729264468009284DA /* XCRemoteSwiftPackageReference "AlamofireImage" */ = {
			isa = XCRemoteSwiftPackageReference;
			repositoryURL = "https://github.com/Alamofire/AlamofireImage";
			requirement = {
				kind = upToNextMajorVersion;
				minimumVersion = 4.0.0;
			};
		};
		42D904362938263200831199 /* XCRemoteSwiftPackageReference "SkeletonView" */ = {
			isa = XCRemoteSwiftPackageReference;
			repositoryURL = "https://github.com/Juanpe/SkeletonView.git";
			requirement = {
				kind = upToNextMajorVersion;
				minimumVersion = 1.0.0;
			};
		};
		42D99DE42928362300516EF9 /* XCRemoteSwiftPackageReference "Alamofire" */ = {
			isa = XCRemoteSwiftPackageReference;
			repositoryURL = "https://github.com/Alamofire/Alamofire.git";
			requirement = {
				kind = upToNextMajorVersion;
				minimumVersion = 5.0.0;
			};
		};
/* End XCRemoteSwiftPackageReference section */

/* Begin XCSwiftPackageProductDependency section */
		4207BBDE2948B50C00169EB9 /* GooglePlaces */ = {
			isa = XCSwiftPackageProductDependency;
			package = 4207BBDD2948B50C00169EB9 /* XCRemoteSwiftPackageReference "GoogleMaps-SP" */;
			productName = GooglePlaces;
		};
		420C5D8F292C586C001E650D /* NVActivityIndicatorView */ = {
			isa = XCSwiftPackageProductDependency;
			package = 420C5D8E292C586C001E650D /* XCRemoteSwiftPackageReference "NVActivityIndicatorView" */;
			productName = NVActivityIndicatorView;
		};
		420C5D91292C586C001E650D /* NVActivityIndicatorViewExtended */ = {
			isa = XCSwiftPackageProductDependency;
			package = 420C5D8E292C586C001E650D /* XCRemoteSwiftPackageReference "NVActivityIndicatorView" */;
			productName = NVActivityIndicatorViewExtended;
		};
		42496D0B29301C9A00D972C9 /* KeychainAccess */ = {
			isa = XCSwiftPackageProductDependency;
			package = 42496D0A29301C9A00D972C9 /* XCRemoteSwiftPackageReference "KeychainAccess" */;
			productName = KeychainAccess;
		};
		42496D0F293033AA00D972C9 /* IQKeyboardManagerSwift */ = {
			isa = XCSwiftPackageProductDependency;
			package = 42496D0E293033AA00D972C9 /* XCRemoteSwiftPackageReference "IQKeyboardManager" */;
			productName = IQKeyboardManagerSwift;
		};
		4254180F293785D500782493 /* Hero */ = {
			isa = XCSwiftPackageProductDependency;
			package = 4254180E293785D500782493 /* XCRemoteSwiftPackageReference "Hero" */;
			productName = Hero;
		};
		427F188229263D9A009284DA /* Alamofire */ = {
			isa = XCSwiftPackageProductDependency;
			package = 427F188129263D9A009284DA /* XCRemoteSwiftPackageReference "Alamofire" */;
			productName = Alamofire;
		};
		427F188829264468009284DA /* AlamofireImage */ = {
			isa = XCSwiftPackageProductDependency;
			package = 427F188729264468009284DA /* XCRemoteSwiftPackageReference "AlamofireImage" */;
			productName = AlamofireImage;
		};
		42D904372938263200831199 /* SkeletonView */ = {
			isa = XCSwiftPackageProductDependency;
			package = 42D904362938263200831199 /* XCRemoteSwiftPackageReference "SkeletonView" */;
			productName = SkeletonView;
		};
		42D99DE52928362300516EF9 /* Alamofire */ = {
			isa = XCSwiftPackageProductDependency;
			package = 42D99DE42928362300516EF9 /* XCRemoteSwiftPackageReference "Alamofire" */;
			productName = Alamofire;
		};
/* End XCSwiftPackageProductDependency section */
	};
	rootObject = 420CDA8C290E54380074ACFA /* Project object */;
}
