// !$*UTF8*$!
{
	archiveVersion = 1;
	classes = {
	};
	objectVersion = 56;
	objects = {

/* Begin PBXBuildFile section */
		420CDA98290E54380074ACFA /* AppDelegate.swift in Sources */ = {isa = PBXBuildFile; fileRef = 420CDA97290E54380074ACFA /* AppDelegate.swift */; };
		420CDA9A290E54380074ACFA /* SceneDelegate.swift in Sources */ = {isa = PBXBuildFile; fileRef = 420CDA99290E54380074ACFA /* SceneDelegate.swift */; };
		420CDAA1290E543A0074ACFA /* Assets.xcassets in Resources */ = {isa = PBXBuildFile; fileRef = 420CDAA0290E543A0074ACFA /* Assets.xcassets */; };
		420CDAA4290E543A0074ACFA /* LaunchScreen.storyboard in Resources */ = {isa = PBXBuildFile; fileRef = 420CDAA2290E543A0074ACFA /* LaunchScreen.storyboard */; };
		420CDAB3290E56BD0074ACFA /* Initial.storyboard in Resources */ = {isa = PBXBuildFile; fileRef = 420CDAB2290E56BD0074ACFA /* Initial.storyboard */; };
		420CDAB5290E56EB0074ACFA /* InitialViewController.swift in Sources */ = {isa = PBXBuildFile; fileRef = 420CDAB4290E56EB0074ACFA /* InitialViewController.swift */; };
		4213719129262F1B0082F1C7 /* Login.storyboard in Resources */ = {isa = PBXBuildFile; fileRef = 4213719029262F1B0082F1C7 /* Login.storyboard */; };
		428ADAA529264FF100417940 /* LoginViewController.swift in Sources */ = {isa = PBXBuildFile; fileRef = 428ADAA429264FF100417940 /* LoginViewController.swift */; };
		42DB272C292656ED0027A00C /* LoginServices.swift in Sources */ = {isa = PBXBuildFile; fileRef = 42DB272B292656ED0027A00C /* LoginServices.swift */; };
		42DB272F292657540027A00C /* Alamofire in Frameworks */ = {isa = PBXBuildFile; productRef = 42DB272E292657540027A00C /* Alamofire */; };
/* End PBXBuildFile section */

/* Begin PBXFileReference section */
		420CDA94290E54380074ACFA /* Clique.app */ = {isa = PBXFileReference; explicitFileType = wrapper.application; includeInIndex = 0; path = Clique.app; sourceTree = BUILT_PRODUCTS_DIR; };
		420CDA97290E54380074ACFA /* AppDelegate.swift */ = {isa = PBXFileReference; lastKnownFileType = sourcecode.swift; path = AppDelegate.swift; sourceTree = "<group>"; };
		420CDA99290E54380074ACFA /* SceneDelegate.swift */ = {isa = PBXFileReference; lastKnownFileType = sourcecode.swift; path = SceneDelegate.swift; sourceTree = "<group>"; };
		420CDAA0290E543A0074ACFA /* Assets.xcassets */ = {isa = PBXFileReference; lastKnownFileType = folder.assetcatalog; path = Assets.xcassets; sourceTree = "<group>"; };
		420CDAA3290E543A0074ACFA /* Base */ = {isa = PBXFileReference; lastKnownFileType = file.storyboard; name = Base; path = Base.lproj/LaunchScreen.storyboard; sourceTree = "<group>"; };
		420CDAA5290E543A0074ACFA /* Info.plist */ = {isa = PBXFileReference; lastKnownFileType = text.plist.xml; path = Info.plist; sourceTree = "<group>"; };
		420CDAB2290E56BD0074ACFA /* Initial.storyboard */ = {isa = PBXFileReference; lastKnownFileType = file.storyboard; path = Initial.storyboard; sourceTree = "<group>"; };
		420CDAB4290E56EB0074ACFA /* InitialViewController.swift */ = {isa = PBXFileReference; lastKnownFileType = sourcecode.swift; path = InitialViewController.swift; sourceTree = "<group>"; };
		4213719029262F1B0082F1C7 /* Login.storyboard */ = {isa = PBXFileReference; lastKnownFileType = file.storyboard; path = Login.storyboard; sourceTree = "<group>"; };
		428ADAA429264FF100417940 /* LoginViewController.swift */ = {isa = PBXFileReference; lastKnownFileType = sourcecode.swift; path = LoginViewController.swift; sourceTree = "<group>"; };
		42DB272B292656ED0027A00C /* LoginServices.swift */ = {isa = PBXFileReference; lastKnownFileType = sourcecode.swift; path = LoginServices.swift; sourceTree = "<group>"; };
/* End PBXFileReference section */

/* Begin PBXFrameworksBuildPhase section */
		420CDA91290E54380074ACFA /* Frameworks */ = {
			isa = PBXFrameworksBuildPhase;
			buildActionMask = 2147483647;
			files = (
				42DB272F292657540027A00C /* Alamofire in Frameworks */,
			);
			runOnlyForDeploymentPostprocessing = 0;
		};
/* End PBXFrameworksBuildPhase section */

/* Begin PBXGroup section */
		420CDA8B290E54380074ACFA = {
			isa = PBXGroup;
			children = (
				420CDA96290E54380074ACFA /* Clique */,
				420CDA95290E54380074ACFA /* Products */,
			);
			sourceTree = "<group>";
		};
		420CDA95290E54380074ACFA /* Products */ = {
			isa = PBXGroup;
			children = (
				420CDA94290E54380074ACFA /* Clique.app */,
			);
			name = Products;
			sourceTree = "<group>";
		};
		420CDA96290E54380074ACFA /* Clique */ = {
			isa = PBXGroup;
			children = (
				420CDAAF290E55D30074ACFA /* Application */,
				420CDAAE290E55C90074ACFA /* Common */,
				420CDAAD290E55C00074ACFA /* Modules */,
				420CDAAC290E55B40074ACFA /* Resources */,
			);
			path = Clique;
			sourceTree = "<group>";
		};
		420CDAAC290E55B40074ACFA /* Resources */ = {
			isa = PBXGroup;
			children = (
				420CDAA5290E543A0074ACFA /* Info.plist */,
				420CDAA0290E543A0074ACFA /* Assets.xcassets */,
				420CDAB0290E55FB0074ACFA /* Storyboards */,
			);
			path = Resources;
			sourceTree = "<group>";
		};
		420CDAAD290E55C00074ACFA /* Modules */ = {
			isa = PBXGroup;
			children = (
				4213718F29262F050082F1C7 /* Login */,
				420CDAB1290E56240074ACFA /* Initial */,
			);
			path = Modules;
			sourceTree = "<group>";
		};
		420CDAAE290E55C90074ACFA /* Common */ = {
			isa = PBXGroup;
			children = (
				42DB272A292656CB0027A00C /* Services */,
			);
			path = Common;
			sourceTree = "<group>";
		};
		420CDAAF290E55D30074ACFA /* Application */ = {
			isa = PBXGroup;
			children = (
				420CDA97290E54380074ACFA /* AppDelegate.swift */,
				420CDA99290E54380074ACFA /* SceneDelegate.swift */,
			);
			path = Application;
			sourceTree = "<group>";
		};
		420CDAB0290E55FB0074ACFA /* Storyboards */ = {
			isa = PBXGroup;
			children = (
				420CDAA2290E543A0074ACFA /* LaunchScreen.storyboard */,
			);
			path = Storyboards;
			sourceTree = "<group>";
		};
		420CDAB1290E56240074ACFA /* Initial */ = {
			isa = PBXGroup;
			children = (
				420CDAB2290E56BD0074ACFA /* Initial.storyboard */,
				420CDAB4290E56EB0074ACFA /* InitialViewController.swift */,
			);
			path = Initial;
			sourceTree = "<group>";
		};
		4213718F29262F050082F1C7 /* Login */ = {
			isa = PBXGroup;
			children = (
				4213719029262F1B0082F1C7 /* Login.storyboard */,
				428ADAA429264FF100417940 /* LoginViewController.swift */,
			);
			path = Login;
			sourceTree = "<group>";
		};
		42DB272A292656CB0027A00C /* Services */ = {
			isa = PBXGroup;
			children = (
				42DB272B292656ED0027A00C /* LoginServices.swift */,
			);
			path = Services;
			sourceTree = "<group>";
		};
/* End PBXGroup section */

/* Begin PBXNativeTarget section */
		420CDA93290E54380074ACFA /* Clique */ = {
			isa = PBXNativeTarget;
			buildConfigurationList = 420CDAA8290E543A0074ACFA /* Build configuration list for PBXNativeTarget "Clique" */;
			buildPhases = (
				420CDA90290E54380074ACFA /* Sources */,
				420CDA91290E54380074ACFA /* Frameworks */,
				420CDA92290E54380074ACFA /* Resources */,
			);
			buildRules = (
			);
			dependencies = (
			);
			name = Clique;
			packageProductDependencies = (
				42DB272E292657540027A00C /* Alamofire */,
			);
			productName = Clique;
			productReference = 420CDA94290E54380074ACFA /* Clique.app */;
			productType = "com.apple.product-type.application";
		};
/* End PBXNativeTarget section */

/* Begin PBXProject section */
		420CDA8C290E54380074ACFA /* Project object */ = {
			isa = PBXProject;
			attributes = {
				BuildIndependentTargetsInParallel = 1;
				LastSwiftUpdateCheck = 1400;
				LastUpgradeCheck = 1400;
				TargetAttributes = {
					420CDA93290E54380074ACFA = {
						CreatedOnToolsVersion = 14.0.1;
					};
				};
			};
			buildConfigurationList = 420CDA8F290E54380074ACFA /* Build configuration list for PBXProject "Clique" */;
			compatibilityVersion = "Xcode 14.0";
			developmentRegion = en;
			hasScannedForEncodings = 0;
			knownRegions = (
				en,
				Base,
			);
			mainGroup = 420CDA8B290E54380074ACFA;
			packageReferences = (
				42DB272D292657540027A00C /* XCRemoteSwiftPackageReference "Alamofire" */,
			);
			productRefGroup = 420CDA95290E54380074ACFA /* Products */;
			projectDirPath = "";
			projectRoot = "";
			targets = (
				420CDA93290E54380074ACFA /* Clique */,
			);
		};
/* End PBXProject section */

/* Begin PBXResourcesBuildPhase section */
		420CDA92290E54380074ACFA /* Resources */ = {
			isa = PBXResourcesBuildPhase;
			buildActionMask = 2147483647;
			files = (
				4213719129262F1B0082F1C7 /* Login.storyboard in Resources */,
				420CDAA4290E543A0074ACFA /* LaunchScreen.storyboard in Resources */,
				420CDAA1290E543A0074ACFA /* Assets.xcassets in Resources */,
				420CDAB3290E56BD0074ACFA /* Initial.storyboard in Resources */,
			);
			runOnlyForDeploymentPostprocessing = 0;
		};
/* End PBXResourcesBuildPhase section */

/* Begin PBXSourcesBuildPhase section */
		420CDA90290E54380074ACFA /* Sources */ = {
			isa = PBXSourcesBuildPhase;
			buildActionMask = 2147483647;
			files = (
				428ADAA529264FF100417940 /* LoginViewController.swift in Sources */,
				420CDA98290E54380074ACFA /* AppDelegate.swift in Sources */,
				420CDA9A290E54380074ACFA /* SceneDelegate.swift in Sources */,
				420CDAB5290E56EB0074ACFA /* InitialViewController.swift in Sources */,
				42DB272C292656ED0027A00C /* LoginServices.swift in Sources */,
			);
			runOnlyForDeploymentPostprocessing = 0;
		};
/* End PBXSourcesBuildPhase section */

/* Begin PBXVariantGroup section */
		420CDAA2290E543A0074ACFA /* LaunchScreen.storyboard */ = {
			isa = PBXVariantGroup;
			children = (
				420CDAA3290E543A0074ACFA /* Base */,
			);
			name = LaunchScreen.storyboard;
			sourceTree = "<group>";
		};
/* End PBXVariantGroup section */

/* Begin XCBuildConfiguration section */
		420CDAA6290E543A0074ACFA /* Debug */ = {
			isa = XCBuildConfiguration;
			buildSettings = {
				ALWAYS_SEARCH_USER_PATHS = NO;
				CLANG_ANALYZER_NONNULL = YES;
				CLANG_ANALYZER_NUMBER_OBJECT_CONVERSION = YES_AGGRESSIVE;
				CLANG_CXX_LANGUAGE_STANDARD = "gnu++20";
				CLANG_ENABLE_MODULES = YES;
				CLANG_ENABLE_OBJC_ARC = YES;
				CLANG_ENABLE_OBJC_WEAK = YES;
				CLANG_WARN_BLOCK_CAPTURE_AUTORELEASING = YES;
				CLANG_WARN_BOOL_CONVERSION = YES;
				CLANG_WARN_COMMA = YES;
				CLANG_WARN_CONSTANT_CONVERSION = YES;
				CLANG_WARN_DEPRECATED_OBJC_IMPLEMENTATIONS = YES;
				CLANG_WARN_DIRECT_OBJC_ISA_USAGE = YES_ERROR;
				CLANG_WARN_DOCUMENTATION_COMMENTS = YES;
				CLANG_WARN_EMPTY_BODY = YES;
				CLANG_WARN_ENUM_CONVERSION = YES;
				CLANG_WARN_INFINITE_RECURSION = YES;
				CLANG_WARN_INT_CONVERSION = YES;
				CLANG_WARN_NON_LITERAL_NULL_CONVERSION = YES;
				CLANG_WARN_OBJC_IMPLICIT_RETAIN_SELF = YES;
				CLANG_WARN_OBJC_LITERAL_CONVERSION = YES;
				CLANG_WARN_OBJC_ROOT_CLASS = YES_ERROR;
				CLANG_WARN_QUOTED_INCLUDE_IN_FRAMEWORK_HEADER = YES;
				CLANG_WARN_RANGE_LOOP_ANALYSIS = YES;
				CLANG_WARN_STRICT_PROTOTYPES = YES;
				CLANG_WARN_SUSPICIOUS_MOVE = YES;
				CLANG_WARN_UNGUARDED_AVAILABILITY = YES_AGGRESSIVE;
				CLANG_WARN_UNREACHABLE_CODE = YES;
				CLANG_WARN__DUPLICATE_METHOD_MATCH = YES;
				COPY_PHASE_STRIP = NO;
				DEBUG_INFORMATION_FORMAT = dwarf;
				ENABLE_STRICT_OBJC_MSGSEND = YES;
				ENABLE_TESTABILITY = YES;
				GCC_C_LANGUAGE_STANDARD = gnu11;
				GCC_DYNAMIC_NO_PIC = NO;
				GCC_NO_COMMON_BLOCKS = YES;
				GCC_OPTIMIZATION_LEVEL = 0;
				GCC_PREPROCESSOR_DEFINITIONS = (
					"DEBUG=1",
					"$(inherited)",
				);
				GCC_WARN_64_TO_32_BIT_CONVERSION = YES;
				GCC_WARN_ABOUT_RETURN_TYPE = YES_ERROR;
				GCC_WARN_UNDECLARED_SELECTOR = YES;
				GCC_WARN_UNINITIALIZED_AUTOS = YES_AGGRESSIVE;
				GCC_WARN_UNUSED_FUNCTION = YES;
				GCC_WARN_UNUSED_VARIABLE = YES;
				IPHONEOS_DEPLOYMENT_TARGET = 16.0;
				MTL_ENABLE_DEBUG_INFO = INCLUDE_SOURCE;
				MTL_FAST_MATH = YES;
				ONLY_ACTIVE_ARCH = YES;
				SDKROOT = iphoneos;
				SWIFT_ACTIVE_COMPILATION_CONDITIONS = DEBUG;
				SWIFT_OPTIMIZATION_LEVEL = "-Onone";
			};
			name = Debug;
		};
		420CDAA7290E543A0074ACFA /* Release */ = {
			isa = XCBuildConfiguration;
			buildSettings = {
				ALWAYS_SEARCH_USER_PATHS = NO;
				CLANG_ANALYZER_NONNULL = YES;
				CLANG_ANALYZER_NUMBER_OBJECT_CONVERSION = YES_AGGRESSIVE;
				CLANG_CXX_LANGUAGE_STANDARD = "gnu++20";
				CLANG_ENABLE_MODULES = YES;
				CLANG_ENABLE_OBJC_ARC = YES;
				CLANG_ENABLE_OBJC_WEAK = YES;
				CLANG_WARN_BLOCK_CAPTURE_AUTORELEASING = YES;
				CLANG_WARN_BOOL_CONVERSION = YES;
				CLANG_WARN_COMMA = YES;
				CLANG_WARN_CONSTANT_CONVERSION = YES;
				CLANG_WARN_DEPRECATED_OBJC_IMPLEMENTATIONS = YES;
				CLANG_WARN_DIRECT_OBJC_ISA_USAGE = YES_ERROR;
				CLANG_WARN_DOCUMENTATION_COMMENTS = YES;
				CLANG_WARN_EMPTY_BODY = YES;
				CLANG_WARN_ENUM_CONVERSION = YES;
				CLANG_WARN_INFINITE_RECURSION = YES;
				CLANG_WARN_INT_CONVERSION = YES;
				CLANG_WARN_NON_LITERAL_NULL_CONVERSION = YES;
				CLANG_WARN_OBJC_IMPLICIT_RETAIN_SELF = YES;
				CLANG_WARN_OBJC_LITERAL_CONVERSION = YES;
				CLANG_WARN_OBJC_ROOT_CLASS = YES_ERROR;
				CLANG_WARN_QUOTED_INCLUDE_IN_FRAMEWORK_HEADER = YES;
				CLANG_WARN_RANGE_LOOP_ANALYSIS = YES;
				CLANG_WARN_STRICT_PROTOTYPES = YES;
				CLANG_WARN_SUSPICIOUS_MOVE = YES;
				CLANG_WARN_UNGUARDED_AVAILABILITY = YES_AGGRESSIVE;
				CLANG_WARN_UNREACHABLE_CODE = YES;
				CLANG_WARN__DUPLICATE_METHOD_MATCH = YES;
				COPY_PHASE_STRIP = NO;
				DEBUG_INFORMATION_FORMAT = "dwarf-with-dsym";
				ENABLE_NS_ASSERTIONS = NO;
				ENABLE_STRICT_OBJC_MSGSEND = YES;
				GCC_C_LANGUAGE_STANDARD = gnu11;
				GCC_NO_COMMON_BLOCKS = YES;
				GCC_WARN_64_TO_32_BIT_CONVERSION = YES;
				GCC_WARN_ABOUT_RETURN_TYPE = YES_ERROR;
				GCC_WARN_UNDECLARED_SELECTOR = YES;
				GCC_WARN_UNINITIALIZED_AUTOS = YES_AGGRESSIVE;
				GCC_WARN_UNUSED_FUNCTION = YES;
				GCC_WARN_UNUSED_VARIABLE = YES;
				IPHONEOS_DEPLOYMENT_TARGET = 16.0;
				MTL_ENABLE_DEBUG_INFO = NO;
				MTL_FAST_MATH = YES;
				SDKROOT = iphoneos;
				SWIFT_COMPILATION_MODE = wholemodule;
				SWIFT_OPTIMIZATION_LEVEL = "-O";
				VALIDATE_PRODUCT = YES;
			};
			name = Release;
		};
		420CDAA9290E543A0074ACFA /* Debug */ = {
			isa = XCBuildConfiguration;
			buildSettings = {
				ASSETCATALOG_COMPILER_APPICON_NAME = AppIcon;
				ASSETCATALOG_COMPILER_GLOBAL_ACCENT_COLOR_NAME = AccentColor;
				CODE_SIGN_STYLE = Automatic;
				CURRENT_PROJECT_VERSION = 1;
				GENERATE_INFOPLIST_FILE = YES;
				INFOPLIST_FILE = Clique/Resources/Info.plist;
				INFOPLIST_KEY_UIApplicationSupportsIndirectInputEvents = YES;
				INFOPLIST_KEY_UILaunchStoryboardName = LaunchScreen;
				INFOPLIST_KEY_UISupportedInterfaceOrientations_iPad = "UIInterfaceOrientationPortrait UIInterfaceOrientationPortraitUpsideDown UIInterfaceOrientationLandscapeLeft UIInterfaceOrientationLandscapeRight";
				INFOPLIST_KEY_UISupportedInterfaceOrientations_iPhone = "UIInterfaceOrientationPortrait UIInterfaceOrientationLandscapeLeft UIInterfaceOrientationLandscapeRight";
				LD_RUNPATH_SEARCH_PATHS = (
					"$(inherited)",
					"@executable_path/Frameworks",
				);
				MARKETING_VERSION = 1.0;
				PRODUCT_BUNDLE_IDENTIFIER = hr.foi.air.Clique;
				PRODUCT_NAME = "$(TARGET_NAME)";
				SWIFT_EMIT_LOC_STRINGS = YES;
				SWIFT_VERSION = 5.0;
				TARGETED_DEVICE_FAMILY = "1,2";
			};
			name = Debug;
		};
		420CDAAA290E543A0074ACFA /* Release */ = {
			isa = XCBuildConfiguration;
			buildSettings = {
				ASSETCATALOG_COMPILER_APPICON_NAME = AppIcon;
				ASSETCATALOG_COMPILER_GLOBAL_ACCENT_COLOR_NAME = AccentColor;
				CODE_SIGN_STYLE = Automatic;
				CURRENT_PROJECT_VERSION = 1;
				GENERATE_INFOPLIST_FILE = YES;
				INFOPLIST_FILE = Clique/Resources/Info.plist;
				INFOPLIST_KEY_UIApplicationSupportsIndirectInputEvents = YES;
				INFOPLIST_KEY_UILaunchStoryboardName = LaunchScreen;
				INFOPLIST_KEY_UISupportedInterfaceOrientations_iPad = "UIInterfaceOrientationPortrait UIInterfaceOrientationPortraitUpsideDown UIInterfaceOrientationLandscapeLeft UIInterfaceOrientationLandscapeRight";
				INFOPLIST_KEY_UISupportedInterfaceOrientations_iPhone = "UIInterfaceOrientationPortrait UIInterfaceOrientationLandscapeLeft UIInterfaceOrientationLandscapeRight";
				LD_RUNPATH_SEARCH_PATHS = (
					"$(inherited)",
					"@executable_path/Frameworks",
				);
				MARKETING_VERSION = 1.0;
				PRODUCT_BUNDLE_IDENTIFIER = hr.foi.air.Clique;
				PRODUCT_NAME = "$(TARGET_NAME)";
				SWIFT_EMIT_LOC_STRINGS = YES;
				SWIFT_VERSION = 5.0;
				TARGETED_DEVICE_FAMILY = "1,2";
			};
			name = Release;
		};
/* End XCBuildConfiguration section */

/* Begin XCConfigurationList section */
		420CDA8F290E54380074ACFA /* Build configuration list for PBXProject "Clique" */ = {
			isa = XCConfigurationList;
			buildConfigurations = (
				420CDAA6290E543A0074ACFA /* Debug */,
				420CDAA7290E543A0074ACFA /* Release */,
			);
			defaultConfigurationIsVisible = 0;
			defaultConfigurationName = Release;
		};
		420CDAA8290E543A0074ACFA /* Build configuration list for PBXNativeTarget "Clique" */ = {
			isa = XCConfigurationList;
			buildConfigurations = (
				420CDAA9290E543A0074ACFA /* Debug */,
				420CDAAA290E543A0074ACFA /* Release */,
			);
			defaultConfigurationIsVisible = 0;
			defaultConfigurationName = Release;
		};
/* End XCConfigurationList section */

/* Begin XCRemoteSwiftPackageReference section */
		42DB272D292657540027A00C /* XCRemoteSwiftPackageReference "Alamofire" */ = {
			isa = XCRemoteSwiftPackageReference;
			repositoryURL = "https://github.com/Alamofire/Alamofire.git";
			requirement = {
				branch = master;
				kind = branch;
			};
		};
/* End XCRemoteSwiftPackageReference section */

/* Begin XCSwiftPackageProductDependency section */
		42DB272E292657540027A00C /* Alamofire */ = {
			isa = XCSwiftPackageProductDependency;
			package = 42DB272D292657540027A00C /* XCRemoteSwiftPackageReference "Alamofire" */;
			productName = Alamofire;
		};
/* End XCSwiftPackageProductDependency section */
	};
	rootObject = 420CDA8C290E54380074ACFA /* Project object */;
}
